
Microsoft Visual Studio Solution File, Format Version 12.00
# Visual Studio Version 18
VisualStudioVersion = 18.4.11519.219 insiders
MinimumVisualStudioVersion = 10.0.40219.1
Project("{FAE04EC0-301F-11D3-BF4B-00C04F79EFBC}") = "BManagedWeb", "BManagedWeb.csproj", "{299CC941-DD5A-2421-BB12-D2CF6A264554}"
EndProject
Global
	GlobalSection(SolutionConfigurationPlatforms) = preSolution
		Debug|Any CPU = Debug|Any CPU
		Release|Any CPU = Release|Any CPU
	EndGlobalSection
	GlobalSection(ProjectConfigurationPlatforms) = postSolution
		{299CC941-DD5A-2421-BB12-D2CF6A264554}.Debug|Any CPU.ActiveCfg = Debug|Any CPU
		{299CC941-DD5A-2421-BB12-D2CF6A264554}.Debug|Any CPU.Build.0 = Debug|Any CPU
		{299CC941-DD5A-2421-BB12-D2CF6A264554}.Release|Any CPU.ActiveCfg = Release|Any CPU
		{299CC941-DD5A-2421-BB12-D2CF6A264554}.Release|Any CPU.Build.0 = Release|Any CPU
	EndGlobalSection
	GlobalSection(SolutionProperties) = preSolution
		HideSolutionNode = FALSE
	EndGlobalSection
	GlobalSection(ExtensibilityGlobals) = postSolution
		SolutionGuid = {2BB0E7E3-1879-4D21-AAB2-8EE588D5B79C}
	EndGlobalSection
EndGlobal
